# This file was autogenerated by uv via the following command:
#    uv pip compile pyproject.toml -o requirements.lock
annotated-types==0.7.0
    # via pydantic
diario-contract @ git+https://github.com/almeidadm/diario-contract@e7c052363dc208497def952ba17953a6ac7a6750
    # via diario-utils (pyproject.toml)
duckdb==1.4.4
    # via diario-utils (pyproject.toml)
polars==0.20.31
    # via diario-utils (pyproject.toml)
pyarrow==22.0.0
    # via
    #   diario-utils (pyproject.toml)
    #   diario-contract
pydantic==2.12.5
    # via diario-contract
pydantic-core==2.41.5
    # via pydantic
structlog==24.4.0
    # via diario-utils (pyproject.toml)
typing-extensions==4.15.0
    # via
    #   pydantic
    #   pydantic-core
    #   typing-inspection
typing-inspection==0.4.2
    # via pydantic
